# This file is autogenerated, do not edit; changes may be undone by the next 'dep ensure'.


[[projects]]
  name = "github.com/Sirupsen/logrus"
  packages = ["."]
  revision = "10f801ebc38b33738c9d17d50860f484a0988ff5"

[[projects]]
  name = "github.com/go-sql-driver/mysql"
  packages = ["."]
  revision = "a0583e0143b1624142adab07e0e97fe106d99561"
  version = "v1.3"

[[projects]]
  branch = "master"
  name = "github.com/hawkingrei/golang_util"
  packages = ["."]
  revision = "25f85fa183e0adb04730c83d36bb066ea63fe1a9"

[[projects]]
  name = "golang.org/x/sys"
  packages = ["unix"]
  revision = "f3918c30c5c2cb527c0b071a27c35120a6c0719a"

[solve-meta]
  analyzer-name = "dep"
  analyzer-version = 1
  inputs-digest = "109f28cf4761711f27b326e2e273e409a24223aa7aa317bb6504cd0106bf8009"
  solver-name = "gps-cdcl"
  solver-version = 1
